
Microsoft Visual Studio Solution File, Format Version 12.00
# Visual Studio 15
VisualStudioVersion = 15.0.28307.168
MinimumVisualStudioVersion = 10.0.40219.1
Project("{FAE04EC0-301F-11D3-BF4B-00C04F79EFBC}") = "ConsoleApp1", "ConsoleApp1\ConsoleApp1.csproj", "{C18FD905-46FD-48D0-82C9-D9D620D65F0B}"
EndProject
Global
	GlobalSection(SolutionConfigurationPlatforms) = preSolution
		Debug|Any CPU = Debug|Any CPU
		Release|Any CPU = Release|Any CPU
	EndGlobalSection
	GlobalSection(ProjectConfigurationPlatforms) = postSolution
		{C18FD905-46FD-48D0-82C9-D9D620D65F0B}.Debug|Any CPU.ActiveCfg = Debug|Any CPU
		{C18FD905-46FD-48D0-82C9-D9D620D65F0B}.Debug|Any CPU.Build.0 = Debug|Any CPU
		{C18FD905-46FD-48D0-82C9-D9D620D65F0B}.Release|Any CPU.ActiveCfg = Release|Any CPU
		{C18FD905-46FD-48D0-82C9-D9D620D65F0B}.Release|Any CPU.Build.0 = Release|Any CPU
	EndGlobalSection
	GlobalSection(SolutionProperties) = preSolution
		HideSolutionNode = FALSE
	EndGlobalSection
	GlobalSection(ExtensibilityGlobals) = postSolution
		SolutionGuid = {383E0F57-DE00-4666-9638-9079A7B048E9}
	EndGlobalSection
EndGlobal
